
Microsoft Visual Studio Solution File, Format Version 12.00
# Visual Studio Version 16
VisualStudioVersion = 16.0.29911.84
MinimumVisualStudioVersion = 10.0.40219.1
Project("{8BC9CEB8-8B4A-11D0-8D11-00A0C91BC942}") = "Circle class lab 1 CECS 2222 SC 22", "Circle class lab 1 CECS 2222 SC 22\Circle class lab 1 CECS 2222 SC 22.vcxproj", "{06986E27-4F5E-4926-8F1B-036F81D3550A}"
EndProject
Global
	GlobalSection(SolutionConfigurationPlatforms) = preSolution
		Debug|x64 = Debug|x64
		Debug|x86 = Debug|x86
		Release|x64 = Release|x64
		Release|x86 = Release|x86
	EndGlobalSection
	GlobalSection(ProjectConfigurationPlatforms) = postSolution
		{06986E27-4F5E-4926-8F1B-036F81D3550A}.Debug|x64.ActiveCfg = Debug|x64
		{06986E27-4F5E-4926-8F1B-036F81D3550A}.Debug|x64.Build.0 = Debug|x64
		{06986E27-4F5E-4926-8F1B-036F81D3550A}.Debug|x86.ActiveCfg = Debug|Win32
		{06986E27-4F5E-4926-8F1B-036F81D3550A}.Debug|x86.Build.0 = Debug|Win32
		{06986E27-4F5E-4926-8F1B-036F81D3550A}.Release|x64.ActiveCfg = Release|x64
		{06986E27-4F5E-4926-8F1B-036F81D3550A}.Release|x64.Build.0 = Release|x64
		{06986E27-4F5E-4926-8F1B-036F81D3550A}.Release|x86.ActiveCfg = Release|Win32
		{06986E27-4F5E-4926-8F1B-036F81D3550A}.Release|x86.Build.0 = Release|Win32
	EndGlobalSection
	GlobalSection(SolutionProperties) = preSolution
		HideSolutionNode = FALSE
	EndGlobalSection
	GlobalSection(ExtensibilityGlobals) = postSolution
		SolutionGuid = {E1A79E4A-E71F-4A8B-A3C2-87DB9FE1C8B8}
	EndGlobalSection
EndGlobal
