
Microsoft Visual Studio Solution File, Format Version 12.00
# Visual Studio Version 16
VisualStudioVersion = 16.0.29911.84
MinimumVisualStudioVersion = 10.0.40219.1
Project("{8BC9CEB8-8B4A-11D0-8D11-00A0C91BC942}") = "problema 1", "problema 1\problema 1.vcxproj", "{7A32AE1B-6E85-4CFC-8F44-7F71A1581892}"
EndProject
Global
	GlobalSection(SolutionConfigurationPlatforms) = preSolution
		Debug|x64 = Debug|x64
		Debug|x86 = Debug|x86
		Release|x64 = Release|x64
		Release|x86 = Release|x86
	EndGlobalSection
	GlobalSection(ProjectConfigurationPlatforms) = postSolution
		{7A32AE1B-6E85-4CFC-8F44-7F71A1581892}.Debug|x64.ActiveCfg = Debug|x64
		{7A32AE1B-6E85-4CFC-8F44-7F71A1581892}.Debug|x64.Build.0 = Debug|x64
		{7A32AE1B-6E85-4CFC-8F44-7F71A1581892}.Debug|x86.ActiveCfg = Debug|Win32
		{7A32AE1B-6E85-4CFC-8F44-7F71A1581892}.Debug|x86.Build.0 = Debug|Win32
		{7A32AE1B-6E85-4CFC-8F44-7F71A1581892}.Release|x64.ActiveCfg = Release|x64
		{7A32AE1B-6E85-4CFC-8F44-7F71A1581892}.Release|x64.Build.0 = Release|x64
		{7A32AE1B-6E85-4CFC-8F44-7F71A1581892}.Release|x86.ActiveCfg = Release|Win32
		{7A32AE1B-6E85-4CFC-8F44-7F71A1581892}.Release|x86.Build.0 = Release|Win32
	EndGlobalSection
	GlobalSection(SolutionProperties) = preSolution
		HideSolutionNode = FALSE
	EndGlobalSection
	GlobalSection(ExtensibilityGlobals) = postSolution
		SolutionGuid = {7AFBEFE3-95E7-4427-A8DE-584B0BA012C4}
	EndGlobalSection
EndGlobal
