
Microsoft Visual Studio Solution File, Format Version 12.00
# Visual Studio Version 16
VisualStudioVersion = 16.0.29911.84
MinimumVisualStudioVersion = 10.0.40219.1
Project("{8BC9CEB8-8B4A-11D0-8D11-00A0C91BC942}") = "Project10", "Project10\Project10.vcxproj", "{27AEB1B1-F337-4FB0-BED9-8DAAB2994298}"
EndProject
Global
	GlobalSection(SolutionConfigurationPlatforms) = preSolution
		Debug|x64 = Debug|x64
		Debug|x86 = Debug|x86
		Release|x64 = Release|x64
		Release|x86 = Release|x86
	EndGlobalSection
	GlobalSection(ProjectConfigurationPlatforms) = postSolution
		{27AEB1B1-F337-4FB0-BED9-8DAAB2994298}.Debug|x64.ActiveCfg = Debug|x64
		{27AEB1B1-F337-4FB0-BED9-8DAAB2994298}.Debug|x64.Build.0 = Debug|x64
		{27AEB1B1-F337-4FB0-BED9-8DAAB2994298}.Debug|x86.ActiveCfg = Debug|Win32
		{27AEB1B1-F337-4FB0-BED9-8DAAB2994298}.Debug|x86.Build.0 = Debug|Win32
		{27AEB1B1-F337-4FB0-BED9-8DAAB2994298}.Release|x64.ActiveCfg = Release|x64
		{27AEB1B1-F337-4FB0-BED9-8DAAB2994298}.Release|x64.Build.0 = Release|x64
		{27AEB1B1-F337-4FB0-BED9-8DAAB2994298}.Release|x86.ActiveCfg = Release|Win32
		{27AEB1B1-F337-4FB0-BED9-8DAAB2994298}.Release|x86.Build.0 = Release|Win32
	EndGlobalSection
	GlobalSection(SolutionProperties) = preSolution
		HideSolutionNode = FALSE
	EndGlobalSection
	GlobalSection(ExtensibilityGlobals) = postSolution
		SolutionGuid = {7AE782F0-2A33-4DBD-B8FE-F6EF89DFE444}
	EndGlobalSection
EndGlobal
