
Microsoft Visual Studio Solution File, Format Version 12.00
# Visual Studio Version 16
VisualStudioVersion = 16.0.29911.84
MinimumVisualStudioVersion = 10.0.40219.1
Project("{8BC9CEB8-8B4A-11D0-8D11-00A0C91BC942}") = "CECS 2222 SC 22 Clase dinamica Soccer", "CECS 2222 SC 22 Clase dinamica Soccer\CECS 2222 SC 22 Clase dinamica Soccer.vcxproj", "{EBFBEEF0-C0B2-4599-B559-ECF5BF26A89E}"
EndProject
Global
	GlobalSection(SolutionConfigurationPlatforms) = preSolution
		Debug|x64 = Debug|x64
		Debug|x86 = Debug|x86
		Release|x64 = Release|x64
		Release|x86 = Release|x86
	EndGlobalSection
	GlobalSection(ProjectConfigurationPlatforms) = postSolution
		{EBFBEEF0-C0B2-4599-B559-ECF5BF26A89E}.Debug|x64.ActiveCfg = Debug|x64
		{EBFBEEF0-C0B2-4599-B559-ECF5BF26A89E}.Debug|x64.Build.0 = Debug|x64
		{EBFBEEF0-C0B2-4599-B559-ECF5BF26A89E}.Debug|x86.ActiveCfg = Debug|Win32
		{EBFBEEF0-C0B2-4599-B559-ECF5BF26A89E}.Debug|x86.Build.0 = Debug|Win32
		{EBFBEEF0-C0B2-4599-B559-ECF5BF26A89E}.Release|x64.ActiveCfg = Release|x64
		{EBFBEEF0-C0B2-4599-B559-ECF5BF26A89E}.Release|x64.Build.0 = Release|x64
		{EBFBEEF0-C0B2-4599-B559-ECF5BF26A89E}.Release|x86.ActiveCfg = Release|Win32
		{EBFBEEF0-C0B2-4599-B559-ECF5BF26A89E}.Release|x86.Build.0 = Release|Win32
	EndGlobalSection
	GlobalSection(SolutionProperties) = preSolution
		HideSolutionNode = FALSE
	EndGlobalSection
	GlobalSection(ExtensibilityGlobals) = postSolution
		SolutionGuid = {EF31E268-B03B-4CBE-B12E-DC48CF69CBA1}
	EndGlobalSection
EndGlobal
