
Microsoft Visual Studio Solution File, Format Version 12.00
# Visual Studio Version 16
VisualStudioVersion = 16.0.29911.84
MinimumVisualStudioVersion = 10.0.40219.1
Project("{8BC9CEB8-8B4A-11D0-8D11-00A0C91BC942}") = "Project8", "Project8\Project8.vcxproj", "{F248629D-F82C-440C-B03A-2126F0677667}"
EndProject
Global
	GlobalSection(SolutionConfigurationPlatforms) = preSolution
		Debug|x64 = Debug|x64
		Debug|x86 = Debug|x86
		Release|x64 = Release|x64
		Release|x86 = Release|x86
	EndGlobalSection
	GlobalSection(ProjectConfigurationPlatforms) = postSolution
		{F248629D-F82C-440C-B03A-2126F0677667}.Debug|x64.ActiveCfg = Debug|x64
		{F248629D-F82C-440C-B03A-2126F0677667}.Debug|x64.Build.0 = Debug|x64
		{F248629D-F82C-440C-B03A-2126F0677667}.Debug|x86.ActiveCfg = Debug|Win32
		{F248629D-F82C-440C-B03A-2126F0677667}.Debug|x86.Build.0 = Debug|Win32
		{F248629D-F82C-440C-B03A-2126F0677667}.Release|x64.ActiveCfg = Release|x64
		{F248629D-F82C-440C-B03A-2126F0677667}.Release|x64.Build.0 = Release|x64
		{F248629D-F82C-440C-B03A-2126F0677667}.Release|x86.ActiveCfg = Release|Win32
		{F248629D-F82C-440C-B03A-2126F0677667}.Release|x86.Build.0 = Release|Win32
	EndGlobalSection
	GlobalSection(SolutionProperties) = preSolution
		HideSolutionNode = FALSE
	EndGlobalSection
	GlobalSection(ExtensibilityGlobals) = postSolution
		SolutionGuid = {75360493-CD97-4DCF-9D05-933EF70B65A0}
	EndGlobalSection
EndGlobal
