
Microsoft Visual Studio Solution File, Format Version 12.00
# Visual Studio Version 16
VisualStudioVersion = 16.0.29911.84
MinimumVisualStudioVersion = 10.0.40219.1
Project("{8BC9CEB8-8B4A-11D0-8D11-00A0C91BC942}") = "CECS2222 SC 22 Lab 01 - Restaurant bill", "CECS2222 SC 22 Lab 01 - Restaurant bill\CECS2222 SC 22 Lab 01 - Restaurant bill.vcxproj", "{1C70EE50-5588-4BB2-A58E-6CDA52376A43}"
EndProject
Global
	GlobalSection(SolutionConfigurationPlatforms) = preSolution
		Debug|x64 = Debug|x64
		Debug|x86 = Debug|x86
		Release|x64 = Release|x64
		Release|x86 = Release|x86
	EndGlobalSection
	GlobalSection(ProjectConfigurationPlatforms) = postSolution
		{1C70EE50-5588-4BB2-A58E-6CDA52376A43}.Debug|x64.ActiveCfg = Debug|x64
		{1C70EE50-5588-4BB2-A58E-6CDA52376A43}.Debug|x64.Build.0 = Debug|x64
		{1C70EE50-5588-4BB2-A58E-6CDA52376A43}.Debug|x86.ActiveCfg = Debug|Win32
		{1C70EE50-5588-4BB2-A58E-6CDA52376A43}.Debug|x86.Build.0 = Debug|Win32
		{1C70EE50-5588-4BB2-A58E-6CDA52376A43}.Release|x64.ActiveCfg = Release|x64
		{1C70EE50-5588-4BB2-A58E-6CDA52376A43}.Release|x64.Build.0 = Release|x64
		{1C70EE50-5588-4BB2-A58E-6CDA52376A43}.Release|x86.ActiveCfg = Release|Win32
		{1C70EE50-5588-4BB2-A58E-6CDA52376A43}.Release|x86.Build.0 = Release|Win32
	EndGlobalSection
	GlobalSection(SolutionProperties) = preSolution
		HideSolutionNode = FALSE
	EndGlobalSection
	GlobalSection(ExtensibilityGlobals) = postSolution
		SolutionGuid = {4F6C20FC-2D26-4690-9502-89E2B4F9A8E3}
	EndGlobalSection
EndGlobal
