
Microsoft Visual Studio Solution File, Format Version 12.00
# Visual Studio Version 16
VisualStudioVersion = 16.0.29911.84
MinimumVisualStudioVersion = 10.0.40219.1
Project("{8BC9CEB8-8B4A-11D0-8D11-00A0C91BC942}") = "Lab 10 - Class list", "Lab 10 - Class list\Lab 10 - Class list.vcxproj", "{8A68154B-E0DF-453C-B030-4C0F0837FD67}"
EndProject
Global
	GlobalSection(SolutionConfigurationPlatforms) = preSolution
		Debug|x64 = Debug|x64
		Debug|x86 = Debug|x86
		Release|x64 = Release|x64
		Release|x86 = Release|x86
	EndGlobalSection
	GlobalSection(ProjectConfigurationPlatforms) = postSolution
		{8A68154B-E0DF-453C-B030-4C0F0837FD67}.Debug|x64.ActiveCfg = Debug|x64
		{8A68154B-E0DF-453C-B030-4C0F0837FD67}.Debug|x64.Build.0 = Debug|x64
		{8A68154B-E0DF-453C-B030-4C0F0837FD67}.Debug|x86.ActiveCfg = Debug|Win32
		{8A68154B-E0DF-453C-B030-4C0F0837FD67}.Debug|x86.Build.0 = Debug|Win32
		{8A68154B-E0DF-453C-B030-4C0F0837FD67}.Release|x64.ActiveCfg = Release|x64
		{8A68154B-E0DF-453C-B030-4C0F0837FD67}.Release|x64.Build.0 = Release|x64
		{8A68154B-E0DF-453C-B030-4C0F0837FD67}.Release|x86.ActiveCfg = Release|Win32
		{8A68154B-E0DF-453C-B030-4C0F0837FD67}.Release|x86.Build.0 = Release|Win32
	EndGlobalSection
	GlobalSection(SolutionProperties) = preSolution
		HideSolutionNode = FALSE
	EndGlobalSection
	GlobalSection(ExtensibilityGlobals) = postSolution
		SolutionGuid = {9C7C6B0D-D9FF-4081-A819-A7663AD30728}
	EndGlobalSection
EndGlobal
